github.com/gofrs/uuid/v5 v5.3.2 h1:2jfO8j3XgSwlz/wHqemAEugfnTlikAYHhnqQ8Xh4fE0=
github.com/gofrs/uuid/v5 v5.3.2/go.mod h1:CDOjlDMVAtN56jqyRUZh58JT31Tiw7/oQyEXZV+9bD8=
github.com/gophercloud/gophercloud/v2 v2.7.0 h1:o0m4kgVcPgHlcXiWAjoVxGd8QCmvM5VU+YM71pFbn0E=
github.com/gophercloud/gophercloud/v2 v2.7.0/go.mod h1:Ki/ILhYZr/5EPebrPL9Ej+tUg4lqx71/YH2JWVeU+Qk=
golang.org/x/sys v0.34.0 h1:H5Y5sJ2L2JRdyv7ROF1he/lPdvFsd0mJHFw2ThKHxLA=
golang.org/x/sys v0.34.0/go.mod h1:BJP2sWEmIv4KK5OTEluFJCKSidICx8ciO85XgH3Ak8k=
golang.org/x/text v0.27.0 h1:4fGWRpyh641NLlecmyl4LOe6yDdfaYNrGb2zdfo4JV4=
golang.org/x/text v0.27.0/go.mod h1:1D28KMCvyooCX9hBiosv5Tz/+YLxj0j7XhWjpSUF7CU=
gopkg.in/check.v1 v0.0.0-20161208181325-20d25e280405 h1:yhCVgyC4o1eVCa2tZl7eS0r+SDo693bJlVdllGtEeKM=
gopkg.in/check.v1 v0.0.0-20161208181325-20d25e280405/go.mod h1:Co6ibVJAznAaIkqp8huTwlJQCZ016jof/cbN4VW5Yz0=
gopkg.in/yaml.v3 v3.0.1 h1:fxVm/GzAzEWqLHuvctI91KS9hhNmmWOoWu0XTYJS7CA=
gopkg.in/yaml.v3 v3.0.1/go.mod h1:K4uyk7z7BCEPqu6E+C64Yfv1cQ7kz7rIZviUmN+EgEM=
